
Microsoft Visual Studio Solution File, Format Version 12.00
# Visual Studio 15
VisualStudioVersion = 15.0.28307.757
MinimumVisualStudioVersion = 10.0.40219.1
Project("{FAE04EC0-301F-11D3-BF4B-00C04F79EFBC}") = "Day1Week4", "Day1Week4\Day1Week4.csproj", "{3ECF4047-2BFE-491F-A0A7-20EBA4A27982}"
EndProject
Global
	GlobalSection(SolutionConfigurationPlatforms) = preSolution
		Debug|Any CPU = Debug|Any CPU
		Release|Any CPU = Release|Any CPU
	EndGlobalSection
	GlobalSection(ProjectConfigurationPlatforms) = postSolution
		{3ECF4047-2BFE-491F-A0A7-20EBA4A27982}.Debug|Any CPU.ActiveCfg = Debug|Any CPU
		{3ECF4047-2BFE-491F-A0A7-20EBA4A27982}.Debug|Any CPU.Build.0 = Debug|Any CPU
		{3ECF4047-2BFE-491F-A0A7-20EBA4A27982}.Release|Any CPU.ActiveCfg = Release|Any CPU
		{3ECF4047-2BFE-491F-A0A7-20EBA4A27982}.Release|Any CPU.Build.0 = Release|Any CPU
	EndGlobalSection
	GlobalSection(SolutionProperties) = preSolution
		HideSolutionNode = FALSE
	EndGlobalSection
	GlobalSection(ExtensibilityGlobals) = postSolution
		SolutionGuid = {26C8AD55-982E-441B-9F88-EBFC35ADE304}
	EndGlobalSection
EndGlobal
